// !$*UTF8*$!
{
	archiveVersion = 1;
	classes = {
	};
	objectVersion = 46;
	objects = {

/* Begin PBXBuildFile section */
		8BAEDB590A514FB5B9C875B6 /* libPods.a in Frameworks */ = {isa = PBXBuildFile; fileRef = AD88ECD256DA4642A993FA68 /* libPods.a */; };
		E8168D3017EA322400366C2B /* Foundation.framework in Frameworks */ = {isa = PBXBuildFile; fileRef = E8168D2F17EA322400366C2B /* Foundation.framework */; };
		E8168D3517EA322400366C2B /* LHSDelicious.h in CopyFiles */ = {isa = PBXBuildFile; fileRef = E8168D3417EA322400366C2B /* LHSDelicious.h */; };
		E8168D3717EA322400366C2B /* LHSDelicious.m in Sources */ = {isa = PBXBuildFile; fileRef = E8168D3617EA322400366C2B /* LHSDelicious.m */; };
		E8168D3F17EA3DBC00366C2B /* NSString+URLEncoding.m in Sources */ = {isa = PBXBuildFile; fileRef = E8168D3E17EA3DBC00366C2B /* NSString+URLEncoding.m */; };
/* End PBXBuildFile section */

/* Begin PBXCopyFilesBuildPhase section */
		E8168D2A17EA322400366C2B /* CopyFiles */ = {
			isa = PBXCopyFilesBuildPhase;
			buildActionMask = 2147483647;
			dstPath = "include/${PRODUCT_NAME}";
			dstSubfolderSpec = 16;
			files = (
				E8168D3517EA322400366C2B /* LHSDelicious.h in CopyFiles */,
			);
			runOnlyForDeploymentPostprocessing = 0;
		};
/* End PBXCopyFilesBuildPhase section */

/* Begin PBXFileReference section */
		AD88ECD256DA4642A993FA68 /* libPods.a */ = {isa = PBXFileReference; explicitFileType = archive.ar; includeInIndex = 0; path = libPods.a; sourceTree = BUILT_PRODUCTS_DIR; };
		C978900EBB994CFF92FE6D8D /* Pods.xcconfig */ = {isa = PBXFileReference; includeInIndex = 1; lastKnownFileType = text.xcconfig; name = Pods.xcconfig; path = Pods/Pods.xcconfig; sourceTree = "<group>"; };
		E8168D2C17EA322400366C2B /* libLHSDelicious.a */ = {isa = PBXFileReference; explicitFileType = archive.ar; includeInIndex = 0; path = libLHSDelicious.a; sourceTree = BUILT_PRODUCTS_DIR; };
		E8168D2F17EA322400366C2B /* Foundation.framework */ = {isa = PBXFileReference; lastKnownFileType = wrapper.framework; name = Foundation.framework; path = System/Library/Frameworks/Foundation.framework; sourceTree = SDKROOT; };
		E8168D3317EA322400366C2B /* LHSDelicious-Prefix.pch */ = {isa = PBXFileReference; lastKnownFileType = sourcecode.c.h; path = "LHSDelicious-Prefix.pch"; sourceTree = "<group>"; };
		E8168D3417EA322400366C2B /* LHSDelicious.h */ = {isa = PBXFileReference; lastKnownFileType = sourcecode.c.h; path = LHSDelicious.h; sourceTree = "<group>"; };
		E8168D3617EA322400366C2B /* LHSDelicious.m */ = {isa = PBXFileReference; lastKnownFileType = sourcecode.c.objc; path = LHSDelicious.m; sourceTree = "<group>"; };
		E8168D3D17EA3DBC00366C2B /* NSString+URLEncoding.h */ = {isa = PBXFileReference; fileEncoding = 4; lastKnownFileType = sourcecode.c.h; path = "NSString+URLEncoding.h"; sourceTree = "<group>"; };
		E8168D3E17EA3DBC00366C2B /* NSString+URLEncoding.m */ = {isa = PBXFileReference; fileEncoding = 4; lastKnownFileType = sourcecode.c.objc; path = "NSString+URLEncoding.m"; sourceTree = "<group>"; };
/* End PBXFileReference section */

/* Begin PBXFrameworksBuildPhase section */
		E8168D2917EA322400366C2B /* Frameworks */ = {
			isa = PBXFrameworksBuildPhase;
			buildActionMask = 2147483647;
			files = (
				E8168D3017EA322400366C2B /* Foundation.framework in Frameworks */,
				8BAEDB590A514FB5B9C875B6 /* libPods.a in Frameworks */,
			);
			runOnlyForDeploymentPostprocessing = 0;
		};
/* End PBXFrameworksBuildPhase section */

/* Begin PBXGroup section */
		E8168D2317EA322400366C2B = {
			isa = PBXGroup;
			children = (
				E8168D3117EA322400366C2B /* LHSDelicious */,
				E8168D2E17EA322400366C2B /* Frameworks */,
				E8168D2D17EA322400366C2B /* Products */,
				C978900EBB994CFF92FE6D8D /* Pods.xcconfig */,
			);
			sourceTree = "<group>";
		};
		E8168D2D17EA322400366C2B /* Products */ = {
			isa = PBXGroup;
			children = (
				E8168D2C17EA322400366C2B /* libLHSDelicious.a */,
			);
			name = Products;
			sourceTree = "<group>";
		};
		E8168D2E17EA322400366C2B /* Frameworks */ = {
			isa = PBXGroup;
			children = (
				E8168D2F17EA322400366C2B /* Foundation.framework */,
				AD88ECD256DA4642A993FA68 /* libPods.a */,
			);
			name = Frameworks;
			sourceTree = "<group>";
		};
		E8168D3117EA322400366C2B /* LHSDelicious */ = {
			isa = PBXGroup;
			children = (
				E8168D3417EA322400366C2B /* LHSDelicious.h */,
				E8168D3617EA322400366C2B /* LHSDelicious.m */,
				E8168D3D17EA3DBC00366C2B /* NSString+URLEncoding.h */,
				E8168D3E17EA3DBC00366C2B /* NSString+URLEncoding.m */,
				E8168D3217EA322400366C2B /* Supporting Files */,
			);
			path = LHSDelicious;
			sourceTree = "<group>";
		};
		E8168D3217EA322400366C2B /* Supporting Files */ = {
			isa = PBXGroup;
			children = (
				E8168D3317EA322400366C2B /* LHSDelicious-Prefix.pch */,
			);
			name = "Supporting Files";
			sourceTree = "<group>";
		};
/* End PBXGroup section */

/* Begin PBXNativeTarget section */
		E8168D2B17EA322400366C2B /* LHSDelicious */ = {
			isa = PBXNativeTarget;
			buildConfigurationList = E8168D3A17EA322400366C2B /* Build configuration list for PBXNativeTarget "LHSDelicious" */;
			buildPhases = (
				BCBBD4E28C36458CB99A0C59 /* Check Pods Manifest.lock */,
				E8168D2817EA322400366C2B /* Sources */,
				E8168D2917EA322400366C2B /* Frameworks */,
				E8168D2A17EA322400366C2B /* CopyFiles */,
				6BCFF37E262C45EEAF756F82 /* Copy Pods Resources */,
			);
			buildRules = (
			);
			dependencies = (
			);
			name = LHSDelicious;
			productName = LHDelicious;
			productReference = E8168D2C17EA322400366C2B /* libLHSDelicious.a */;
			productType = "com.apple.product-type.library.static";
		};
/* End PBXNativeTarget section */

/* Begin PBXProject section */
		E8168D2417EA322400366C2B /* Project object */ = {
			isa = PBXProject;
			attributes = {
				LastUpgradeCheck = 0460;
				ORGANIZATIONNAME = "Lionheart Software";
			};
			buildConfigurationList = E8168D2717EA322400366C2B /* Build configuration list for PBXProject "LHSDelicious" */;
			compatibilityVersion = "Xcode 3.2";
			developmentRegion = English;
			hasScannedForEncodings = 0;
			knownRegions = (
				en,
			);
			mainGroup = E8168D2317EA322400366C2B;
			productRefGroup = E8168D2D17EA322400366C2B /* Products */;
			projectDirPath = "";
			projectRoot = "";
			targets = (
				E8168D2B17EA322400366C2B /* LHSDelicious */,
			);
		};
/* End PBXProject section */

/* Begin PBXShellScriptBuildPhase section */
		6BCFF37E262C45EEAF756F82 /* Copy Pods Resources */ = {
			isa = PBXShellScriptBuildPhase;
			buildActionMask = 2147483647;
			files = (
			);
			inputPaths = (
			);
			name = "Copy Pods Resources";
			outputPaths = (
			);
			runOnlyForDeploymentPostprocessing = 0;
			shellPath = /bin/sh;
			shellScript = "\"${SRCROOT}/Pods/Pods-resources.sh\"\n";
			showEnvVarsInLog = 0;
		};
		BCBBD4E28C36458CB99A0C59 /* Check Pods Manifest.lock */ = {
			isa = PBXShellScriptBuildPhase;
			buildActionMask = 2147483647;
			files = (
			);
			inputPaths = (
			);
			name = "Check Pods Manifest.lock";
			outputPaths = (
			);
			runOnlyForDeploymentPostprocessing = 0;
			shellPath = /bin/sh;
			shellScript = "diff \"${PODS_ROOT}/../Podfile.lock\" \"${PODS_ROOT}/Manifest.lock\" > /dev/null\nif [[ $? != 0 ]] ; then\n    cat << EOM\nerror: The sandbox is not in sync with the Podfile.lock. Run 'pod install' or update your CocoaPods installation.\nEOM\n    exit 1\nfi\n";
			showEnvVarsInLog = 0;
		};
/* End PBXShellScriptBuildPhase section */

/* Begin PBXSourcesBuildPhase section */
		E8168D2817EA322400366C2B /* Sources */ = {
			isa = PBXSourcesBuildPhase;
			buildActionMask = 2147483647;
			files = (
				E8168D3717EA322400366C2B /* LHSDelicious.m in Sources */,
				E8168D3F17EA3DBC00366C2B /* NSString+URLEncoding.m in Sources */,
			);
			runOnlyForDeploymentPostprocessing = 0;
		};
/* End PBXSourcesBuildPhase section */

/* Begin XCBuildConfiguration section */
		E8168D3817EA322400366C2B /* Debug */ = {
			isa = XCBuildConfiguration;
			buildSettings = {
				ALWAYS_SEARCH_USER_PATHS = NO;
				CLANG_CXX_LANGUAGE_STANDARD = "gnu++0x";
				CLANG_CXX_LIBRARY = "libc++";
				CLANG_ENABLE_OBJC_ARC = YES;
				CLANG_WARN_CONSTANT_CONVERSION = YES;
				CLANG_WARN_EMPTY_BODY = YES;
				CLANG_WARN_ENUM_CONVERSION = YES;
				CLANG_WARN_INT_CONVERSION = YES;
				CLANG_WARN__DUPLICATE_METHOD_MATCH = YES;
				COPY_PHASE_STRIP = NO;
				GCC_C_LANGUAGE_STANDARD = gnu99;
				GCC_DYNAMIC_NO_PIC = NO;
				GCC_OPTIMIZATION_LEVEL = 0;
				GCC_PREPROCESSOR_DEFINITIONS = (
					"DEBUG=1",
					"$(inherited)",
				);
				GCC_SYMBOLS_PRIVATE_EXTERN = NO;
				GCC_WARN_ABOUT_RETURN_TYPE = YES;
				GCC_WARN_UNINITIALIZED_AUTOS = YES;
				GCC_WARN_UNUSED_VARIABLE = YES;
				IPHONEOS_DEPLOYMENT_TARGET = 6.1;
				ONLY_ACTIVE_ARCH = YES;
				SDKROOT = iphoneos;
			};
			name = Debug;
		};
		E8168D3917EA322400366C2B /* Release */ = {
			isa = XCBuildConfiguration;
			buildSettings = {
				ALWAYS_SEARCH_USER_PATHS = NO;
				CLANG_CXX_LANGUAGE_STANDARD = "gnu++0x";
				CLANG_CXX_LIBRARY = "libc++";
				CLANG_ENABLE_OBJC_ARC = YES;
				CLANG_WARN_CONSTANT_CONVERSION = YES;
				CLANG_WARN_EMPTY_BODY = YES;
				CLANG_WARN_ENUM_CONVERSION = YES;
				CLANG_WARN_INT_CONVERSION = YES;
				CLANG_WARN__DUPLICATE_METHOD_MATCH = YES;
				COPY_PHASE_STRIP = YES;
				GCC_C_LANGUAGE_STANDARD = gnu99;
				GCC_WARN_ABOUT_RETURN_TYPE = YES;
				GCC_WARN_UNINITIALIZED_AUTOS = YES;
				GCC_WARN_UNUSED_VARIABLE = YES;
				IPHONEOS_DEPLOYMENT_TARGET = 6.1;
				SDKROOT = iphoneos;
				VALIDATE_PRODUCT = YES;
			};
			name = Release;
		};
		E8168D3B17EA322400366C2B /* Debug */ = {
			isa = XCBuildConfiguration;
			baseConfigurationReference = C978900EBB994CFF92FE6D8D /* Pods.xcconfig */;
			buildSettings = {
				DSTROOT = /tmp/LHDelicious.dst;
				GCC_PRECOMPILE_PREFIX_HEADER = YES;
				GCC_PREFIX_HEADER = "LHDelicious/LHSDelicious-Prefix.pch";
				OTHER_LDFLAGS = "-ObjC";
				PRODUCT_NAME = LHSDelicious;
				SKIP_INSTALL = YES;
			};
			name = Debug;
		};
		E8168D3C17EA322400366C2B /* Release */ = {
			isa = XCBuildConfiguration;
			baseConfigurationReference = C978900EBB994CFF92FE6D8D /* Pods.xcconfig */;
			buildSettings = {
				DSTROOT = /tmp/LHDelicious.dst;
				GCC_PRECOMPILE_PREFIX_HEADER = YES;
				GCC_PREFIX_HEADER = "LHDelicious/LHSDelicious-Prefix.pch";
				OTHER_LDFLAGS = "-ObjC";
				PRODUCT_NAME = LHSDelicious;
				SKIP_INSTALL = YES;
			};
			name = Release;
		};
/* End XCBuildConfiguration section */

/* Begin XCConfigurationList section */
		E8168D2717EA322400366C2B /* Build configuration list for PBXProject "LHSDelicious" */ = {
			isa = XCConfigurationList;
			buildConfigurations = (
				E8168D3817EA322400366C2B /* Debug */,
				E8168D3917EA322400366C2B /* Release */,
			);
			defaultConfigurationIsVisible = 0;
			defaultConfigurationName = Release;
		};
		E8168D3A17EA322400366C2B /* Build configuration list for PBXNativeTarget "LHSDelicious" */ = {
			isa = XCConfigurationList;
			buildConfigurations = (
				E8168D3B17EA322400366C2B /* Debug */,
				E8168D3C17EA322400366C2B /* Release */,
			);
			defaultConfigurationIsVisible = 0;
			defaultConfigurationName = Release;
		};
/* End XCConfigurationList section */
	};
	rootObject = E8168D2417EA322400366C2B /* Project object */;
}
